%{"bunt": {:hex, :bunt, "0.1.4"},
  "credo": {:hex, :credo, "0.2.5"},
  "exmerl": {:hex, :exmerl, "0.1.1"},
  "httpotion": {:hex, :httpotion, "2.1.0"},
  "ibrowse": {:git, "https://github.com/cmullaparthi/ibrowse.git", "ea3305d21f37eced4fac290f64b068e56df7de80", [tag: "v4.1.2"]},
  "pipe": {:hex, :pipe, "0.0.2"},
  "sweet_xml": {:hex, :sweet_xml, "0.5.0"},
  "xml_builder": {:hex, :xml_builder, "0.0.8"}}
